
Microsoft Visual Studio Solution File, Format Version 12.00
# Visual Studio Version 17
VisualStudioVersion = 17.6.33815.320
MinimumVisualStudioVersion = 10.0.40219.1
Project("{FAE04EC0-301F-11D3-BF4B-00C04F79EFBC}") = "Week2", "Week2.csproj", "{FF8D1CCB-FE83-4A0D-A8E5-54AC1A5BF3D4}"
EndProject
Global
	GlobalSection(SolutionConfigurationPlatforms) = preSolution
		Debug|Any CPU = Debug|Any CPU
		Release|Any CPU = Release|Any CPU
	EndGlobalSection
	GlobalSection(ProjectConfigurationPlatforms) = postSolution
		{FF8D1CCB-FE83-4A0D-A8E5-54AC1A5BF3D4}.Debug|Any CPU.ActiveCfg = Debug|Any CPU
		{FF8D1CCB-FE83-4A0D-A8E5-54AC1A5BF3D4}.Debug|Any CPU.Build.0 = Debug|Any CPU
		{FF8D1CCB-FE83-4A0D-A8E5-54AC1A5BF3D4}.Release|Any CPU.ActiveCfg = Release|Any CPU
		{FF8D1CCB-FE83-4A0D-A8E5-54AC1A5BF3D4}.Release|Any CPU.Build.0 = Release|Any CPU
	EndGlobalSection
	GlobalSection(SolutionProperties) = preSolution
		HideSolutionNode = FALSE
	EndGlobalSection
	GlobalSection(ExtensibilityGlobals) = postSolution
		SolutionGuid = {B1358FCD-21F1-4D0A-89B1-184105604466}
	EndGlobalSection
EndGlobal
