
Microsoft Visual Studio Solution File, Format Version 12.00
# Visual Studio Version 17
VisualStudioVersion = 17.6.33815.320
MinimumVisualStudioVersion = 10.0.40219.1
Project("{FAE04EC0-301F-11D3-BF4B-00C04F79EFBC}") = "pratice4", "pratice4.csproj", "{63431CD9-499F-4B04-BF28-6C5BF0A79091}"
EndProject
Global
	GlobalSection(SolutionConfigurationPlatforms) = preSolution
		Debug|Any CPU = Debug|Any CPU
		Release|Any CPU = Release|Any CPU
	EndGlobalSection
	GlobalSection(ProjectConfigurationPlatforms) = postSolution
		{63431CD9-499F-4B04-BF28-6C5BF0A79091}.Debug|Any CPU.ActiveCfg = Debug|Any CPU
		{63431CD9-499F-4B04-BF28-6C5BF0A79091}.Debug|Any CPU.Build.0 = Debug|Any CPU
		{63431CD9-499F-4B04-BF28-6C5BF0A79091}.Release|Any CPU.ActiveCfg = Release|Any CPU
		{63431CD9-499F-4B04-BF28-6C5BF0A79091}.Release|Any CPU.Build.0 = Release|Any CPU
	EndGlobalSection
	GlobalSection(SolutionProperties) = preSolution
		HideSolutionNode = FALSE
	EndGlobalSection
	GlobalSection(ExtensibilityGlobals) = postSolution
		SolutionGuid = {2B42ABBA-3AE8-42A0-B1D9-EE21BF54A0EF}
	EndGlobalSection
EndGlobal
