
Microsoft Visual Studio Solution File, Format Version 12.00
# Visual Studio Version 17
VisualStudioVersion = 17.6.33815.320
MinimumVisualStudioVersion = 10.0.40219.1
Project("{FAE04EC0-301F-11D3-BF4B-00C04F79EFBC}") = "pratice2", "pratice2.csproj", "{295DB6EC-D15A-4A91-AC25-7EB40F33A352}"
EndProject
Global
	GlobalSection(SolutionConfigurationPlatforms) = preSolution
		Debug|Any CPU = Debug|Any CPU
		Release|Any CPU = Release|Any CPU
	EndGlobalSection
	GlobalSection(ProjectConfigurationPlatforms) = postSolution
		{295DB6EC-D15A-4A91-AC25-7EB40F33A352}.Debug|Any CPU.ActiveCfg = Debug|Any CPU
		{295DB6EC-D15A-4A91-AC25-7EB40F33A352}.Debug|Any CPU.Build.0 = Debug|Any CPU
		{295DB6EC-D15A-4A91-AC25-7EB40F33A352}.Release|Any CPU.ActiveCfg = Release|Any CPU
		{295DB6EC-D15A-4A91-AC25-7EB40F33A352}.Release|Any CPU.Build.0 = Release|Any CPU
	EndGlobalSection
	GlobalSection(SolutionProperties) = preSolution
		HideSolutionNode = FALSE
	EndGlobalSection
	GlobalSection(ExtensibilityGlobals) = postSolution
		SolutionGuid = {EF9D3851-EB0B-4732-8A9F-7AF5FB7F366A}
	EndGlobalSection
EndGlobal
