
Microsoft Visual Studio Solution File, Format Version 12.00
# Visual Studio Version 17
VisualStudioVersion = 17.6.33815.320
MinimumVisualStudioVersion = 10.0.40219.1
Project("{FAE04EC0-301F-11D3-BF4B-00C04F79EFBC}") = "WinFormsApp1", "WinFormsApp1.csproj", "{73730B81-6E54-46A7-B4C6-80E39DA9E22D}"
EndProject
Global
	GlobalSection(SolutionConfigurationPlatforms) = preSolution
		Debug|Any CPU = Debug|Any CPU
		Release|Any CPU = Release|Any CPU
	EndGlobalSection
	GlobalSection(ProjectConfigurationPlatforms) = postSolution
		{73730B81-6E54-46A7-B4C6-80E39DA9E22D}.Debug|Any CPU.ActiveCfg = Debug|Any CPU
		{73730B81-6E54-46A7-B4C6-80E39DA9E22D}.Debug|Any CPU.Build.0 = Debug|Any CPU
		{73730B81-6E54-46A7-B4C6-80E39DA9E22D}.Release|Any CPU.ActiveCfg = Release|Any CPU
		{73730B81-6E54-46A7-B4C6-80E39DA9E22D}.Release|Any CPU.Build.0 = Release|Any CPU
	EndGlobalSection
	GlobalSection(SolutionProperties) = preSolution
		HideSolutionNode = FALSE
	EndGlobalSection
	GlobalSection(ExtensibilityGlobals) = postSolution
		SolutionGuid = {7B210CBD-2278-451C-B3E2-F1A910575063}
	EndGlobalSection
EndGlobal
